
Microsoft Visual Studio Solution File, Format Version 12.00
# Visual Studio Version 16
VisualStudioVersion = 16.0.32002.261
MinimumVisualStudioVersion = 10.0.40219.1
Project("{FAE04EC0-301F-11D3-BF4B-00C04F79EFBC}") = "Single-cell editable GridView", "Single-cell editable GridView\Single-cell editable GridView.csproj", "{04BCF2BD-D19B-4ED6-9F50-71BB546FEC70}"
EndProject
Global
	GlobalSection(SolutionConfigurationPlatforms) = preSolution
		Debug|Any CPU = Debug|Any CPU
		Release|Any CPU = Release|Any CPU
	EndGlobalSection
	GlobalSection(ProjectConfigurationPlatforms) = postSolution
		{04BCF2BD-D19B-4ED6-9F50-71BB546FEC70}.Debug|Any CPU.ActiveCfg = Debug|Any CPU
		{04BCF2BD-D19B-4ED6-9F50-71BB546FEC70}.Debug|Any CPU.Build.0 = Debug|Any CPU
		{04BCF2BD-D19B-4ED6-9F50-71BB546FEC70}.Release|Any CPU.ActiveCfg = Release|Any CPU
		{04BCF2BD-D19B-4ED6-9F50-71BB546FEC70}.Release|Any CPU.Build.0 = Release|Any CPU
	EndGlobalSection
	GlobalSection(SolutionProperties) = preSolution
		HideSolutionNode = FALSE
	EndGlobalSection
	GlobalSection(ExtensibilityGlobals) = postSolution
		SolutionGuid = {CF400C5B-82FF-4C77-9D0A-F4B27CC73F1A}
	EndGlobalSection
EndGlobal
